// !$*UTF8*$!
{
	archiveVersion = 1;
	classes = {
	};
	objectVersion = 56;
	objects = {

/* Begin PBXBuildFile section */
		B57F04FA2AAD2B42005691E5 /* PokeImageLoader.swift in Sources */ = {isa = PBXBuildFile; fileRef = B57F04F92AAD2B42005691E5 /* PokeImageLoader.swift */; };
		B57F04FC2AAD2B4D005691E5 /* PokeAPICacheManager.swift in Sources */ = {isa = PBXBuildFile; fileRef = B57F04FB2AAD2B4D005691E5 /* PokeAPICacheManager.swift */; };
		B58AE7462AAD1DF4007D333D /* PokedexApp.swift in Sources */ = {isa = PBXBuildFile; fileRef = B58AE7452AAD1DF4007D333D /* PokedexApp.swift */; };
		B58AE7482AAD1DF4007D333D /* PokeTabBarView.swift in Sources */ = {isa = PBXBuildFile; fileRef = B58AE7472AAD1DF4007D333D /* PokeTabBarView.swift */; };
		B58AE74A2AAD1DF5007D333D /* Assets.xcassets in Resources */ = {isa = PBXBuildFile; fileRef = B58AE7492AAD1DF5007D333D /* Assets.xcassets */; };
		B58AE74D2AAD1DF5007D333D /* Preview Assets.xcassets in Resources */ = {isa = PBXBuildFile; fileRef = B58AE74C2AAD1DF5007D333D /* Preview Assets.xcassets */; };
		B5AC6DFA2AAD1F4C0020B8F6 /* PokeListView.swift in Sources */ = {isa = PBXBuildFile; fileRef = B5AC6DF92AAD1F4C0020B8F6 /* PokeListView.swift */; };
		B5AC6DFC2AAD1F590020B8F6 /* PokeSearchView.swift in Sources */ = {isa = PBXBuildFile; fileRef = B5AC6DFB2AAD1F590020B8F6 /* PokeSearchView.swift */; };
		B5AC6DFF2AAD209E0020B8F6 /* PokeService.swift in Sources */ = {isa = PBXBuildFile; fileRef = B5AC6DFE2AAD209E0020B8F6 /* PokeService.swift */; };
		B5AC6E012AAD20F70020B8F6 /* PokeRequest.swift in Sources */ = {isa = PBXBuildFile; fileRef = B5AC6E002AAD20F70020B8F6 /* PokeRequest.swift */; };
		B5AC6E032AAD21000020B8F6 /* PokeEndpoint.swift in Sources */ = {isa = PBXBuildFile; fileRef = B5AC6E022AAD21000020B8F6 /* PokeEndpoint.swift */; };
		B5E95BF72AAD302600A5E220 /* PokeListViewViewModel.swift in Sources */ = {isa = PBXBuildFile; fileRef = B5E95BF62AAD302600A5E220 /* PokeListViewViewModel.swift */; };
		B5E95BF92AAD302D00A5E220 /* PokeSearchViewViewModel.swift in Sources */ = {isa = PBXBuildFile; fileRef = B5E95BF82AAD302D00A5E220 /* PokeSearchViewViewModel.swift */; };
		B5E95BFD2AAD31E100A5E220 /* PokemonListResponse.swift in Sources */ = {isa = PBXBuildFile; fileRef = B5E95BFC2AAD31E100A5E220 /* PokemonListResponse.swift */; };
		B5E95BFF2AAD375700A5E220 /* Pokemon.swift in Sources */ = {isa = PBXBuildFile; fileRef = B5E95BFE2AAD375700A5E220 /* Pokemon.swift */; };
/* End PBXBuildFile section */

/* Begin PBXFileReference section */
		B57F04F92AAD2B42005691E5 /* PokeImageLoader.swift */ = {isa = PBXFileReference; lastKnownFileType = sourcecode.swift; path = PokeImageLoader.swift; sourceTree = "<group>"; };
		B57F04FB2AAD2B4D005691E5 /* PokeAPICacheManager.swift */ = {isa = PBXFileReference; lastKnownFileType = sourcecode.swift; path = PokeAPICacheManager.swift; sourceTree = "<group>"; };
		B58AE7422AAD1DF4007D333D /* Pokedex.app */ = {isa = PBXFileReference; explicitFileType = wrapper.application; includeInIndex = 0; path = Pokedex.app; sourceTree = BUILT_PRODUCTS_DIR; };
		B58AE7452AAD1DF4007D333D /* PokedexApp.swift */ = {isa = PBXFileReference; lastKnownFileType = sourcecode.swift; path = PokedexApp.swift; sourceTree = "<group>"; };
		B58AE7472AAD1DF4007D333D /* PokeTabBarView.swift */ = {isa = PBXFileReference; lastKnownFileType = sourcecode.swift; path = PokeTabBarView.swift; sourceTree = "<group>"; };
		B58AE7492AAD1DF5007D333D /* Assets.xcassets */ = {isa = PBXFileReference; lastKnownFileType = folder.assetcatalog; path = Assets.xcassets; sourceTree = "<group>"; };
		B58AE74C2AAD1DF5007D333D /* Preview Assets.xcassets */ = {isa = PBXFileReference; lastKnownFileType = folder.assetcatalog; path = "Preview Assets.xcassets"; sourceTree = "<group>"; };
		B5AC6DF92AAD1F4C0020B8F6 /* PokeListView.swift */ = {isa = PBXFileReference; lastKnownFileType = sourcecode.swift; path = PokeListView.swift; sourceTree = "<group>"; };
		B5AC6DFB2AAD1F590020B8F6 /* PokeSearchView.swift */ = {isa = PBXFileReference; lastKnownFileType = sourcecode.swift; path = PokeSearchView.swift; sourceTree = "<group>"; };
		B5AC6DFE2AAD209E0020B8F6 /* PokeService.swift */ = {isa = PBXFileReference; lastKnownFileType = sourcecode.swift; path = PokeService.swift; sourceTree = "<group>"; };
		B5AC6E002AAD20F70020B8F6 /* PokeRequest.swift */ = {isa = PBXFileReference; lastKnownFileType = sourcecode.swift; path = PokeRequest.swift; sourceTree = "<group>"; };
		B5AC6E022AAD21000020B8F6 /* PokeEndpoint.swift */ = {isa = PBXFileReference; lastKnownFileType = sourcecode.swift; path = PokeEndpoint.swift; sourceTree = "<group>"; };
		B5E95BF62AAD302600A5E220 /* PokeListViewViewModel.swift */ = {isa = PBXFileReference; lastKnownFileType = sourcecode.swift; path = PokeListViewViewModel.swift; sourceTree = "<group>"; };
		B5E95BF82AAD302D00A5E220 /* PokeSearchViewViewModel.swift */ = {isa = PBXFileReference; lastKnownFileType = sourcecode.swift; path = PokeSearchViewViewModel.swift; sourceTree = "<group>"; };
		B5E95BFC2AAD31E100A5E220 /* PokemonListResponse.swift */ = {isa = PBXFileReference; lastKnownFileType = sourcecode.swift; path = PokemonListResponse.swift; sourceTree = "<group>"; };
		B5E95BFE2AAD375700A5E220 /* Pokemon.swift */ = {isa = PBXFileReference; lastKnownFileType = sourcecode.swift; path = Pokemon.swift; sourceTree = "<group>"; };
/* End PBXFileReference section */

/* Begin PBXFrameworksBuildPhase section */
		B58AE73F2AAD1DF4007D333D /* Frameworks */ = {
			isa = PBXFrameworksBuildPhase;
			buildActionMask = 2147483647;
			files = (
			);
			runOnlyForDeploymentPostprocessing = 0;
		};
/* End PBXFrameworksBuildPhase section */

/* Begin PBXGroup section */
		B57F04F82AAD2B38005691E5 /* Managers */ = {
			isa = PBXGroup;
			children = (
				B57F04F92AAD2B42005691E5 /* PokeImageLoader.swift */,
				B57F04FB2AAD2B4D005691E5 /* PokeAPICacheManager.swift */,
			);
			path = Managers;
			sourceTree = "<group>";
		};
		B58AE7392AAD1DF4007D333D = {
			isa = PBXGroup;
			children = (
				B58AE7442AAD1DF4007D333D /* Pokedex */,
				B58AE7432AAD1DF4007D333D /* Products */,
			);
			sourceTree = "<group>";
		};
		B58AE7432AAD1DF4007D333D /* Products */ = {
			isa = PBXGroup;
			children = (
				B58AE7422AAD1DF4007D333D /* Pokedex.app */,
			);
			name = Products;
			sourceTree = "<group>";
		};
		B58AE7442AAD1DF4007D333D /* Pokedex */ = {
			isa = PBXGroup;
			children = (
				B58AE7532AAD1E07007D333D /* Other */,
				B57F04F82AAD2B38005691E5 /* Managers */,
				B5AC6DFD2AAD207E0020B8F6 /* APIClient */,
				B58AE7562AAD1E63007D333D /* ViewModel */,
				B58AE7542AAD1E59007D333D /* Model */,
				B58AE7552AAD1E5E007D333D /* View */,
				B58AE74B2AAD1DF5007D333D /* Preview Content */,
			);
			path = Pokedex;
			sourceTree = "<group>";
		};
		B58AE74B2AAD1DF5007D333D /* Preview Content */ = {
			isa = PBXGroup;
			children = (
				B58AE74C2AAD1DF5007D333D /* Preview Assets.xcassets */,
			);
			path = "Preview Content";
			sourceTree = "<group>";
		};
		B58AE7532AAD1E07007D333D /* Other */ = {
			isa = PBXGroup;
			children = (
				B58AE7452AAD1DF4007D333D /* PokedexApp.swift */,
				B58AE7492AAD1DF5007D333D /* Assets.xcassets */,
			);
			path = Other;
			sourceTree = "<group>";
		};
		B58AE7542AAD1E59007D333D /* Model */ = {
			isa = PBXGroup;
			children = (
				B5E95BFC2AAD31E100A5E220 /* PokemonListResponse.swift */,
				B5E95BFE2AAD375700A5E220 /* Pokemon.swift */,
			);
			path = Model;
			sourceTree = "<group>";
		};
		B58AE7552AAD1E5E007D333D /* View */ = {
			isa = PBXGroup;
			children = (
				B58AE7472AAD1DF4007D333D /* PokeTabBarView.swift */,
				B5AC6DF92AAD1F4C0020B8F6 /* PokeListView.swift */,
				B5AC6DFB2AAD1F590020B8F6 /* PokeSearchView.swift */,
			);
			path = View;
			sourceTree = "<group>";
		};
		B58AE7562AAD1E63007D333D /* ViewModel */ = {
			isa = PBXGroup;
			children = (
				B5E95BF62AAD302600A5E220 /* PokeListViewViewModel.swift */,
				B5E95BF82AAD302D00A5E220 /* PokeSearchViewViewModel.swift */,
			);
			path = ViewModel;
			sourceTree = "<group>";
		};
		B5AC6DFD2AAD207E0020B8F6 /* APIClient */ = {
			isa = PBXGroup;
			children = (
				B5AC6DFE2AAD209E0020B8F6 /* PokeService.swift */,
				B5AC6E002AAD20F70020B8F6 /* PokeRequest.swift */,
				B5AC6E022AAD21000020B8F6 /* PokeEndpoint.swift */,
			);
			path = APIClient;
			sourceTree = "<group>";
		};
/* End PBXGroup section */

/* Begin PBXNativeTarget section */
		B58AE7412AAD1DF4007D333D /* Pokedex */ = {
			isa = PBXNativeTarget;
			buildConfigurationList = B58AE7502AAD1DF5007D333D /* Build configuration list for PBXNativeTarget "Pokedex" */;
			buildPhases = (
				B58AE73E2AAD1DF4007D333D /* Sources */,
				B58AE73F2AAD1DF4007D333D /* Frameworks */,
				B58AE7402AAD1DF4007D333D /* Resources */,
			);
			buildRules = (
			);
			dependencies = (
			);
			name = Pokedex;
			productName = Pokedex;
			productReference = B58AE7422AAD1DF4007D333D /* Pokedex.app */;
			productType = "com.apple.product-type.application";
		};
/* End PBXNativeTarget section */

/* Begin PBXProject section */
		B58AE73A2AAD1DF4007D333D /* Project object */ = {
			isa = PBXProject;
			attributes = {
				BuildIndependentTargetsInParallel = 1;
				LastSwiftUpdateCheck = 1430;
				LastUpgradeCheck = 1430;
				TargetAttributes = {
					B58AE7412AAD1DF4007D333D = {
						CreatedOnToolsVersion = 14.3.1;
					};
				};
			};
			buildConfigurationList = B58AE73D2AAD1DF4007D333D /* Build configuration list for PBXProject "Pokedex" */;
			compatibilityVersion = "Xcode 14.0";
			developmentRegion = en;
			hasScannedForEncodings = 0;
			knownRegions = (
				en,
				Base,
			);
			mainGroup = B58AE7392AAD1DF4007D333D;
			productRefGroup = B58AE7432AAD1DF4007D333D /* Products */;
			projectDirPath = "";
			projectRoot = "";
			targets = (
				B58AE7412AAD1DF4007D333D /* Pokedex */,
			);
		};
/* End PBXProject section */

/* Begin PBXResourcesBuildPhase section */
		B58AE7402AAD1DF4007D333D /* Resources */ = {
			isa = PBXResourcesBuildPhase;
			buildActionMask = 2147483647;
			files = (
				B58AE74D2AAD1DF5007D333D /* Preview Assets.xcassets in Resources */,
				B58AE74A2AAD1DF5007D333D /* Assets.xcassets in Resources */,
			);
			runOnlyForDeploymentPostprocessing = 0;
		};
/* End PBXResourcesBuildPhase section */

/* Begin PBXSourcesBuildPhase section */
		B58AE73E2AAD1DF4007D333D /* Sources */ = {
			isa = PBXSourcesBuildPhase;
			buildActionMask = 2147483647;
			files = (
				B5AC6DFC2AAD1F590020B8F6 /* PokeSearchView.swift in Sources */,
				B57F04FC2AAD2B4D005691E5 /* PokeAPICacheManager.swift in Sources */,
				B57F04FA2AAD2B42005691E5 /* PokeImageLoader.swift in Sources */,
				B58AE7482AAD1DF4007D333D /* PokeTabBarView.swift in Sources */,
				B5E95BF72AAD302600A5E220 /* PokeListViewViewModel.swift in Sources */,
				B5E95BFD2AAD31E100A5E220 /* PokemonListResponse.swift in Sources */,
				B5E95BF92AAD302D00A5E220 /* PokeSearchViewViewModel.swift in Sources */,
				B5AC6E012AAD20F70020B8F6 /* PokeRequest.swift in Sources */,
				B5AC6E032AAD21000020B8F6 /* PokeEndpoint.swift in Sources */,
				B5E95BFF2AAD375700A5E220 /* Pokemon.swift in Sources */,
				B5AC6DFA2AAD1F4C0020B8F6 /* PokeListView.swift in Sources */,
				B58AE7462AAD1DF4007D333D /* PokedexApp.swift in Sources */,
				B5AC6DFF2AAD209E0020B8F6 /* PokeService.swift in Sources */,
			);
			runOnlyForDeploymentPostprocessing = 0;
		};
/* End PBXSourcesBuildPhase section */

/* Begin XCBuildConfiguration section */
		B58AE74E2AAD1DF5007D333D /* Debug */ = {
			isa = XCBuildConfiguration;
			buildSettings = {
				ALWAYS_SEARCH_USER_PATHS = NO;
				CLANG_ANALYZER_NONNULL = YES;
				CLANG_ANALYZER_NUMBER_OBJECT_CONVERSION = YES_AGGRESSIVE;
				CLANG_CXX_LANGUAGE_STANDARD = "gnu++20";
				CLANG_ENABLE_MODULES = YES;
				CLANG_ENABLE_OBJC_ARC = YES;
				CLANG_ENABLE_OBJC_WEAK = YES;
				CLANG_WARN_BLOCK_CAPTURE_AUTORELEASING = YES;
				CLANG_WARN_BOOL_CONVERSION = YES;
				CLANG_WARN_COMMA = YES;
				CLANG_WARN_CONSTANT_CONVERSION = YES;
				CLANG_WARN_DEPRECATED_OBJC_IMPLEMENTATIONS = YES;
				CLANG_WARN_DIRECT_OBJC_ISA_USAGE = YES_ERROR;
				CLANG_WARN_DOCUMENTATION_COMMENTS = YES;
				CLANG_WARN_EMPTY_BODY = YES;
				CLANG_WARN_ENUM_CONVERSION = YES;
				CLANG_WARN_INFINITE_RECURSION = YES;
				CLANG_WARN_INT_CONVERSION = YES;
				CLANG_WARN_NON_LITERAL_NULL_CONVERSION = YES;
				CLANG_WARN_OBJC_IMPLICIT_RETAIN_SELF = YES;
				CLANG_WARN_OBJC_LITERAL_CONVERSION = YES;
				CLANG_WARN_OBJC_ROOT_CLASS = YES_ERROR;
				CLANG_WARN_QUOTED_INCLUDE_IN_FRAMEWORK_HEADER = YES;
				CLANG_WARN_RANGE_LOOP_ANALYSIS = YES;
				CLANG_WARN_STRICT_PROTOTYPES = YES;
				CLANG_WARN_SUSPICIOUS_MOVE = YES;
				CLANG_WARN_UNGUARDED_AVAILABILITY = YES_AGGRESSIVE;
				CLANG_WARN_UNREACHABLE_CODE = YES;
				CLANG_WARN__DUPLICATE_METHOD_MATCH = YES;
				COPY_PHASE_STRIP = NO;
				DEBUG_INFORMATION_FORMAT = dwarf;
				ENABLE_STRICT_OBJC_MSGSEND = YES;
				ENABLE_TESTABILITY = YES;
				GCC_C_LANGUAGE_STANDARD = gnu11;
				GCC_DYNAMIC_NO_PIC = NO;
				GCC_NO_COMMON_BLOCKS = YES;
				GCC_OPTIMIZATION_LEVEL = 0;
				GCC_PREPROCESSOR_DEFINITIONS = (
					"DEBUG=1",
					"$(inherited)",
				);
				GCC_WARN_64_TO_32_BIT_CONVERSION = YES;
				GCC_WARN_ABOUT_RETURN_TYPE = YES_ERROR;
				GCC_WARN_UNDECLARED_SELECTOR = YES;
				GCC_WARN_UNINITIALIZED_AUTOS = YES_AGGRESSIVE;
				GCC_WARN_UNUSED_FUNCTION = YES;
				GCC_WARN_UNUSED_VARIABLE = YES;
				IPHONEOS_DEPLOYMENT_TARGET = 16.4;
				MTL_ENABLE_DEBUG_INFO = INCLUDE_SOURCE;
				MTL_FAST_MATH = YES;
				ONLY_ACTIVE_ARCH = YES;
				SDKROOT = iphoneos;
				SWIFT_ACTIVE_COMPILATION_CONDITIONS = DEBUG;
				SWIFT_OPTIMIZATION_LEVEL = "-Onone";
			};
			name = Debug;
		};
		B58AE74F2AAD1DF5007D333D /* Release */ = {
			isa = XCBuildConfiguration;
			buildSettings = {
				ALWAYS_SEARCH_USER_PATHS = NO;
				CLANG_ANALYZER_NONNULL = YES;
				CLANG_ANALYZER_NUMBER_OBJECT_CONVERSION = YES_AGGRESSIVE;
				CLANG_CXX_LANGUAGE_STANDARD = "gnu++20";
				CLANG_ENABLE_MODULES = YES;
				CLANG_ENABLE_OBJC_ARC = YES;
				CLANG_ENABLE_OBJC_WEAK = YES;
				CLANG_WARN_BLOCK_CAPTURE_AUTORELEASING = YES;
				CLANG_WARN_BOOL_CONVERSION = YES;
				CLANG_WARN_COMMA = YES;
				CLANG_WARN_CONSTANT_CONVERSION = YES;
				CLANG_WARN_DEPRECATED_OBJC_IMPLEMENTATIONS = YES;
				CLANG_WARN_DIRECT_OBJC_ISA_USAGE = YES_ERROR;
				CLANG_WARN_DOCUMENTATION_COMMENTS = YES;
				CLANG_WARN_EMPTY_BODY = YES;
				CLANG_WARN_ENUM_CONVERSION = YES;
				CLANG_WARN_INFINITE_RECURSION = YES;
				CLANG_WARN_INT_CONVERSION = YES;
				CLANG_WARN_NON_LITERAL_NULL_CONVERSION = YES;
				CLANG_WARN_OBJC_IMPLICIT_RETAIN_SELF = YES;
				CLANG_WARN_OBJC_LITERAL_CONVERSION = YES;
				CLANG_WARN_OBJC_ROOT_CLASS = YES_ERROR;
				CLANG_WARN_QUOTED_INCLUDE_IN_FRAMEWORK_HEADER = YES;
				CLANG_WARN_RANGE_LOOP_ANALYSIS = YES;
				CLANG_WARN_STRICT_PROTOTYPES = YES;
				CLANG_WARN_SUSPICIOUS_MOVE = YES;
				CLANG_WARN_UNGUARDED_AVAILABILITY = YES_AGGRESSIVE;
				CLANG_WARN_UNREACHABLE_CODE = YES;
				CLANG_WARN__DUPLICATE_METHOD_MATCH = YES;
				COPY_PHASE_STRIP = NO;
				DEBUG_INFORMATION_FORMAT = "dwarf-with-dsym";
				ENABLE_NS_ASSERTIONS = NO;
				ENABLE_STRICT_OBJC_MSGSEND = YES;
				GCC_C_LANGUAGE_STANDARD = gnu11;
				GCC_NO_COMMON_BLOCKS = YES;
				GCC_WARN_64_TO_32_BIT_CONVERSION = YES;
				GCC_WARN_ABOUT_RETURN_TYPE = YES_ERROR;
				GCC_WARN_UNDECLARED_SELECTOR = YES;
				GCC_WARN_UNINITIALIZED_AUTOS = YES_AGGRESSIVE;
				GCC_WARN_UNUSED_FUNCTION = YES;
				GCC_WARN_UNUSED_VARIABLE = YES;
				IPHONEOS_DEPLOYMENT_TARGET = 16.4;
				MTL_ENABLE_DEBUG_INFO = NO;
				MTL_FAST_MATH = YES;
				SDKROOT = iphoneos;
				SWIFT_COMPILATION_MODE = wholemodule;
				SWIFT_OPTIMIZATION_LEVEL = "-O";
				VALIDATE_PRODUCT = YES;
			};
			name = Release;
		};
		B58AE7512AAD1DF5007D333D /* Debug */ = {
			isa = XCBuildConfiguration;
			buildSettings = {
				ASSETCATALOG_COMPILER_APPICON_NAME = AppIcon;
				ASSETCATALOG_COMPILER_GLOBAL_ACCENT_COLOR_NAME = AccentColor;
				CODE_SIGN_STYLE = Automatic;
				CURRENT_PROJECT_VERSION = 1;
				DEVELOPMENT_ASSET_PATHS = "\"Pokedex/Preview Content\"";
				DEVELOPMENT_TEAM = HV69QD4SV2;
				ENABLE_PREVIEWS = YES;
				GENERATE_INFOPLIST_FILE = YES;
				INFOPLIST_KEY_UIApplicationSceneManifest_Generation = YES;
				INFOPLIST_KEY_UIApplicationSupportsIndirectInputEvents = YES;
				INFOPLIST_KEY_UILaunchScreen_Generation = YES;
				INFOPLIST_KEY_UISupportedInterfaceOrientations_iPad = "UIInterfaceOrientationPortrait UIInterfaceOrientationPortraitUpsideDown UIInterfaceOrientationLandscapeLeft UIInterfaceOrientationLandscapeRight";
				INFOPLIST_KEY_UISupportedInterfaceOrientations_iPhone = "UIInterfaceOrientationPortrait UIInterfaceOrientationLandscapeLeft UIInterfaceOrientationLandscapeRight";
				LD_RUNPATH_SEARCH_PATHS = (
					"$(inherited)",
					"@executable_path/Frameworks",
				);
				MARKETING_VERSION = 1.0;
				PRODUCT_BUNDLE_IDENTIFIER = "Carson-Gross.Pokedex";
				PRODUCT_NAME = "$(TARGET_NAME)";
				SWIFT_EMIT_LOC_STRINGS = YES;
				SWIFT_VERSION = 5.0;
				TARGETED_DEVICE_FAMILY = "1,2";
			};
			name = Debug;
		};
		B58AE7522AAD1DF5007D333D /* Release */ = {
			isa = XCBuildConfiguration;
			buildSettings = {
				ASSETCATALOG_COMPILER_APPICON_NAME = AppIcon;
				ASSETCATALOG_COMPILER_GLOBAL_ACCENT_COLOR_NAME = AccentColor;
				CODE_SIGN_STYLE = Automatic;
				CURRENT_PROJECT_VERSION = 1;
				DEVELOPMENT_ASSET_PATHS = "\"Pokedex/Preview Content\"";
				DEVELOPMENT_TEAM = HV69QD4SV2;
				ENABLE_PREVIEWS = YES;
				GENERATE_INFOPLIST_FILE = YES;
				INFOPLIST_KEY_UIApplicationSceneManifest_Generation = YES;
				INFOPLIST_KEY_UIApplicationSupportsIndirectInputEvents = YES;
				INFOPLIST_KEY_UILaunchScreen_Generation = YES;
				INFOPLIST_KEY_UISupportedInterfaceOrientations_iPad = "UIInterfaceOrientationPortrait UIInterfaceOrientationPortraitUpsideDown UIInterfaceOrientationLandscapeLeft UIInterfaceOrientationLandscapeRight";
				INFOPLIST_KEY_UISupportedInterfaceOrientations_iPhone = "UIInterfaceOrientationPortrait UIInterfaceOrientationLandscapeLeft UIInterfaceOrientationLandscapeRight";
				LD_RUNPATH_SEARCH_PATHS = (
					"$(inherited)",
					"@executable_path/Frameworks",
				);
				MARKETING_VERSION = 1.0;
				PRODUCT_BUNDLE_IDENTIFIER = "Carson-Gross.Pokedex";
				PRODUCT_NAME = "$(TARGET_NAME)";
				SWIFT_EMIT_LOC_STRINGS = YES;
				SWIFT_VERSION = 5.0;
				TARGETED_DEVICE_FAMILY = "1,2";
			};
			name = Release;
		};
/* End XCBuildConfiguration section */

/* Begin XCConfigurationList section */
		B58AE73D2AAD1DF4007D333D /* Build configuration list for PBXProject "Pokedex" */ = {
			isa = XCConfigurationList;
			buildConfigurations = (
				B58AE74E2AAD1DF5007D333D /* Debug */,
				B58AE74F2AAD1DF5007D333D /* Release */,
			);
			defaultConfigurationIsVisible = 0;
			defaultConfigurationName = Release;
		};
		B58AE7502AAD1DF5007D333D /* Build configuration list for PBXNativeTarget "Pokedex" */ = {
			isa = XCConfigurationList;
			buildConfigurations = (
				B58AE7512AAD1DF5007D333D /* Debug */,
				B58AE7522AAD1DF5007D333D /* Release */,
			);
			defaultConfigurationIsVisible = 0;
			defaultConfigurationName = Release;
		};
/* End XCConfigurationList section */
	};
	rootObject = B58AE73A2AAD1DF4007D333D /* Project object */;
}
